
Microsoft Visual Studio Solution File, Format Version 12.00
# Visual Studio Version 16
VisualStudioVersion = 16.0.31313.79
MinimumVisualStudioVersion = 10.0.40219.1
Project("{FAE04EC0-301F-11D3-BF4B-00C04F79EFBC}") = "appConsolaHolaMundoCS", "appConsolaHolaMundoCS\appConsolaHolaMundoCS.csproj", "{13EC5E52-51F5-416C-AF00-D8B34A76CB77}"
EndProject
Global
	GlobalSection(SolutionConfigurationPlatforms) = preSolution
		Debug|Any CPU = Debug|Any CPU
		Release|Any CPU = Release|Any CPU
	EndGlobalSection
	GlobalSection(ProjectConfigurationPlatforms) = postSolution
		{13EC5E52-51F5-416C-AF00-D8B34A76CB77}.Debug|Any CPU.ActiveCfg = Debug|Any CPU
		{13EC5E52-51F5-416C-AF00-D8B34A76CB77}.Debug|Any CPU.Build.0 = Debug|Any CPU
		{13EC5E52-51F5-416C-AF00-D8B34A76CB77}.Release|Any CPU.ActiveCfg = Release|Any CPU
		{13EC5E52-51F5-416C-AF00-D8B34A76CB77}.Release|Any CPU.Build.0 = Release|Any CPU
	EndGlobalSection
	GlobalSection(SolutionProperties) = preSolution
		HideSolutionNode = FALSE
	EndGlobalSection
	GlobalSection(ExtensibilityGlobals) = postSolution
		SolutionGuid = {C4C151A3-C027-4CE1-9E3F-6B789C6790DA}
	EndGlobalSection
EndGlobal
